{
  "version": 4,
  "terraform_version": "0.12.6",
  "serial": 3,
  "lineage": "2deb36f7-c469-1964-e295-04342b5f37a8",
  "outputs": {
    "endpoint": {
      "value": "34.67.219.218",
      "type": "string"
    },
    "master_version": {
      "value": "1.15.12-gke.20",
      "type": "string"
    }
  },
  "resources": [
    {
      "mode": "managed",
      "type": "google_container_cluster",
      "name": "default",
      "provider": "provider.google",
      "instances": [
        {
          "schema_version": 1,
          "attributes": {
            "additional_zones": [],
            "addons_config": [
              {
                "cloudrun_config": [],
                "horizontal_pod_autoscaling": [],
                "http_load_balancing": [],
                "kubernetes_dashboard": [],
                "network_policy_config": [
                  {
                    "disabled": true
                  }
                ]
              }
            ],
            "authenticator_groups_config": [],
            "cluster_autoscaling": [
              {
                "auto_provisioning_defaults": [],
                "enabled": false,
                "resource_limits": []
              }
            ],
            "cluster_ipv4_cidr": "10.28.0.0/14",
            "database_encryption": [
              {
                "key_name": "",
                "state": "DECRYPTED"
              }
            ],
            "default_max_pods_per_node": null,
            "description": "Demo GKE Cluster",
            "enable_binary_authorization": false,
            "enable_intranode_visibility": null,
            "enable_kubernetes_alpha": false,
            "enable_legacy_abac": false,
            "enable_shielded_nodes": false,
            "enable_tpu": null,
            "endpoint": "34.67.219.218",
            "id": "projects/core-catalyst-283702/locations/us-central1/clusters/demo-cluster",
            "initial_node_count": 1,
            "instance_group_urls": [],
            "ip_allocation_policy": [],
            "label_fingerprint": "a9dc16a7",
            "location": "us-central1",
            "logging_service": "logging.googleapis.com/kubernetes",
            "maintenance_policy": [],
            "master_auth": [
              {
                "client_certificate": "",
                "client_certificate_config": [
                  {
                    "issue_client_certificate": false
                  }
                ],
                "client_key": "",
                "cluster_ca_certificate": "LS0tLS1CRUdJTiBDRVJUSUZJQ0FURS0tLS0tCk1JSURLakNDQWhLZ0F3SUJBZ0lRREdtVjZUaHZMenRtSUo5Z2NXV2s3ekFOQmdrcWhraUc5dzBCQVFzRkFEQXYKTVMwd0t3WURWUVFERXlSaU1UTTNNR000Wmkxak1EZzVMVFE0TkdFdE9UaGlaUzAxTWpreU0yVXlNRE5sWWpBdwpIaGNOTWpBd09USXhNVGN5TkRNd1doY05NalV3T1RJd01UZ3lORE13V2pBdk1TMHdLd1lEVlFRREV5UmlNVE0zCk1HTTRaaTFqTURnNUxUUTROR0V0T1RoaVpTMDFNamt5TTJVeU1ETmxZakF3Z2dFaU1BMEdDU3FHU0liM0RRRUIKQVFVQUE0SUJEd0F3Z2dFS0FvSUJBUUNXLzEzcGlHTE43VGNFZjZuNisyUmhBVTFLRkRrREFQRmNlSVlnem5JZQpjbnRtUko5TlhJOGlQNUJNdVdpV1Y3dVI4VWh5cWRtMG1qSzF1TDh0LzJxeUZJMkpMdUVySk9jSy9HYmthUThYCmRpZ2p2OVpPNFdrSEoxMjJlN3pOMWJ4MkREWTJ5SUhSN3FqQk9uRXVVZFFRMklMVmRpVnZ0Q05pZG1rU1VNR20KRmxoZU45Slp2Q1czSUFaQWtwTURFNks5RVJiMzBnS0JsdWlPQTZOVDhxRnJuTnI1a3oyOGlRTStmTlJ3c212RAoxWnFFSU5Ka0lqdk1YLzVUUlJWODhMeTBEM1I5U0dTNjFTcEZqeklxK1FKSWpuN2x5M3FPZFVIa3lwb0N2UDNjCmN2eTV0YW5qd1hDYTNkTG9XdzcxVHIyaGdITTJldEhRZnR6QTJNaXc3Zk5SQWdNQkFBR2pRakJBTUE0R0ExVWQKRHdFQi93UUVBd0lDQkRBUEJnTlZIUk1CQWY4RUJUQURBUUgvTUIwR0ExVWREZ1FXQkJSN3BiSjN2cllscDhJQwpFOExWL2ZqeWw0eUtrVEFOQmdrcWhraUc5dzBCQVFzRkFBT0NBUUVBYjl0Tk16UHluSmpncWJMbkxVbEkzUU1ZCkMzcXdCOUlJNVBHZWNZS253alRheFBhRjE3VVZxWWtJaDZ5NEJNM3NnTmhJcDZBM0FmTDZ2YWFSTXRncTBYY1MKWEorbUpFbVhONGZyTnpOR2tEb2dxeWM2dzhLeXNKVkNVQ0ZMQ3dXMHBpK2pDQXRNU2pSR0Zqc3FDNjhIazIvOApJUmhQSFo4WjZ3VGtpVTVqWU5CQmZLYldTU2RyZm1ULzhOaXlMbGFSdWRUcUVXdkdLSWliSTVpL1F2R0VMQkJFCkZ5cVdsa3oxNFI4dWRCdVZLWEZxRkN2ZjIxUVBYbDBoMHhIZER0bnFZUFpNSEtXdS82NUlDSGNwTHFiVjdJdEMKclN4S2RSL200di9Ccko5b09vQ1hUc3FQY1BveGx3QVJpOUFoY3Q4aVgraW5zQXN0a2lOWmdsMlByZ3V5cVE9PQotLS0tLUVORCBDRVJUSUZJQ0FURS0tLS0tCg==",
                "password": "",
                "username": ""
              }
            ],
            "master_authorized_networks_config": [],
            "master_version": "1.15.12-gke.20",
            "min_master_version": null,
            "monitoring_service": "monitoring.googleapis.com/kubernetes",
            "name": "demo-cluster",
            "network": "projects/core-catalyst-283702/global/networks/default",
            "network_policy": [
              {
                "enabled": false,
                "provider": "PROVIDER_UNSPECIFIED"
              }
            ],
            "node_config": [],
            "node_locations": [
              "us-central1-a",
              "us-central1-b",
              "us-central1-f"
            ],
            "node_pool": [],
            "node_version": "1.15.12-gke.20",
            "operation": null,
            "pod_security_policy_config": null,
            "private_cluster_config": [],
            "project": "core-catalyst-283702",
            "region": null,
            "release_channel": [
              {
                "channel": "UNSPECIFIED"
              }
            ],
            "remove_default_node_pool": true,
            "resource_labels": null,
            "resource_usage_export_config": [],
            "self_link": "https://container.googleapis.com/v1beta1/projects/core-catalyst-283702/locations/us-central1/clusters/demo-cluster",
            "services_ipv4_cidr": "10.31.240.0/20",
            "subnetwork": "projects/core-catalyst-283702/regions/us-central1/subnetworks/default",
            "timeouts": null,
            "vertical_pod_autoscaling": [],
            "workload_identity_config": [],
            "zone": null
          },
          "private": "eyJlMmJmYjczMC1lY2FhLTExZTYtOGY4OC0zNDM2M2JjN2M0YzAiOnsiY3JlYXRlIjoyNDAwMDAwMDAwMDAwLCJkZWxldGUiOjI0MDAwMDAwMDAwMDAsInJlYWQiOjI0MDAwMDAwMDAwMDAsInVwZGF0ZSI6MzYwMDAwMDAwMDAwMH0sInNjaGVtYV92ZXJzaW9uIjoiMSJ9"
        }
      ]
    },
    {
      "mode": "managed",
      "type": "google_container_node_pool",
      "name": "default",
      "provider": "provider.google",
      "instances": [
        {
          "schema_version": 1,
          "attributes": {
            "autoscaling": [],
            "cluster": "demo-cluster",
            "id": "projects/core-catalyst-283702/locations/us-central1/clusters/demo-cluster/nodePools/demo-cluster-node-pool",
            "initial_node_count": 1,
            "instance_group_urls": [
              "https://www.googleapis.com/compute/v1/projects/core-catalyst-283702/zones/us-central1-f/instanceGroupManagers/gke-demo-cluster-demo-cluster-node-po-61bee6f1-grp",
              "https://www.googleapis.com/compute/v1/projects/core-catalyst-283702/zones/us-central1-a/instanceGroupManagers/gke-demo-cluster-demo-cluster-node-po-c7782d1e-grp",
              "https://www.googleapis.com/compute/v1/projects/core-catalyst-283702/zones/us-central1-b/instanceGroupManagers/gke-demo-cluster-demo-cluster-node-po-bbd7c248-grp"
            ],
            "location": "us-central1",
            "management": [
              {
                "auto_repair": true,
                "auto_upgrade": true
              }
            ],
            "max_pods_per_node": null,
            "name": "demo-cluster-node-pool",
            "name_prefix": "",
            "node_config": [
              {
                "disk_size_gb": 100,
                "disk_type": "pd-standard",
                "guest_accelerator": [],
                "image_type": "COS",
                "labels": {},
                "local_ssd_count": 0,
                "machine_type": "n1-standard-1",
                "metadata": {
                  "disable-legacy-endpoints": "true"
                },
                "min_cpu_platform": "",
                "oauth_scopes": [
                  "https://www.googleapis.com/auth/logging.write",
                  "https://www.googleapis.com/auth/monitoring"
                ],
                "preemptible": true,
                "sandbox_config": [],
                "service_account": "default",
                "shielded_instance_config": [
                  {
                    "enable_integrity_monitoring": true,
                    "enable_secure_boot": false
                  }
                ],
                "tags": null,
                "taint": [],
                "workload_metadata_config": []
              }
            ],
            "node_count": 1,
            "node_locations": [
              "us-central1-a",
              "us-central1-b",
              "us-central1-f"
            ],
            "project": "core-catalyst-283702",
            "region": null,
            "timeouts": null,
            "upgrade_settings": [
              {
                "max_surge": 1,
                "max_unavailable": 0
              }
            ],
            "version": "1.15.12-gke.20",
            "zone": null
          },
          "private": "eyJlMmJmYjczMC1lY2FhLTExZTYtOGY4OC0zNDM2M2JjN2M0YzAiOnsiY3JlYXRlIjoxODAwMDAwMDAwMDAwLCJkZWxldGUiOjE4MDAwMDAwMDAwMDAsInVwZGF0ZSI6MTgwMDAwMDAwMDAwMH0sInNjaGVtYV92ZXJzaW9uIjoiMSJ9",
          "depends_on": [
            "google_container_cluster.default"
          ]
        }
      ]
    }
  ]
}
